
Microsoft Visual Studio Solution File, Format Version 12.00
# Visual Studio 2012
Project("{FAE04EC0-301F-11D3-BF4B-00C04F79EFBC}") = "Studioat.ArcGis.Soe.Rest.DSUtility", "Studioat.ArcGis.Soe.Rest.DSUtility.csproj", "{C8107B4F-B031-4660-ADA5-F19885561326}"
EndProject
Global
	GlobalSection(SolutionConfigurationPlatforms) = preSolution
		Debug|Any CPU = Debug|Any CPU
		Release|Any CPU = Release|Any CPU
	EndGlobalSection
	GlobalSection(ProjectConfigurationPlatforms) = postSolution
		{C8107B4F-B031-4660-ADA5-F19885561326}.Debug|Any CPU.ActiveCfg = Debug|Any CPU
		{C8107B4F-B031-4660-ADA5-F19885561326}.Debug|Any CPU.Build.0 = Debug|Any CPU
		{C8107B4F-B031-4660-ADA5-F19885561326}.Release|Any CPU.ActiveCfg = Release|Any CPU
		{C8107B4F-B031-4660-ADA5-F19885561326}.Release|Any CPU.Build.0 = Release|Any CPU
	EndGlobalSection
	GlobalSection(SolutionProperties) = preSolution
		HideSolutionNode = FALSE
	EndGlobalSection
EndGlobal
